// !$*UTF8*$!
{
	archiveVersion = 1;
	classes = {
	};
	objectVersion = 51;
	objects = {

/* Begin PBXBuildFile section */
		1FEF27D4244817420090F9F3 /* AppDelegate.swift in Sources */ = {isa = PBXBuildFile; fileRef = 1FEF27D3244817420090F9F3 /* AppDelegate.swift */; };
		1FEF27D6244817420090F9F3 /* SceneDelegate.swift in Sources */ = {isa = PBXBuildFile; fileRef = 1FEF27D5244817420090F9F3 /* SceneDelegate.swift */; };
		1FEF27DB244817420090F9F3 /* Main.storyboard in Resources */ = {isa = PBXBuildFile; fileRef = 1FEF27D9244817420090F9F3 /* Main.storyboard */; };
		1FEF27DD244817430090F9F3 /* Assets.xcassets in Resources */ = {isa = PBXBuildFile; fileRef = 1FEF27DC244817430090F9F3 /* Assets.xcassets */; };
		1FEF27E0244817430090F9F3 /* LaunchScreen.storyboard in Resources */ = {isa = PBXBuildFile; fileRef = 1FEF27DE244817430090F9F3 /* LaunchScreen.storyboard */; };
		1FEF27EB24481C380090F9F3 /* TopViewController.swift in Sources */ = {isa = PBXBuildFile; fileRef = 1FEF27E924481C380090F9F3 /* TopViewController.swift */; };
		1FEF27EC24481C380090F9F3 /* TopViewController.xib in Resources */ = {isa = PBXBuildFile; fileRef = 1FEF27EA24481C380090F9F3 /* TopViewController.xib */; };
		1FEF27EF2448227F0090F9F3 /* TopMainView.swift in Sources */ = {isa = PBXBuildFile; fileRef = 1FEF27ED2448227F0090F9F3 /* TopMainView.swift */; };
		1FEF27F02448227F0090F9F3 /* TopMainView.xib in Resources */ = {isa = PBXBuildFile; fileRef = 1FEF27EE2448227F0090F9F3 /* TopMainView.xib */; };
		1FEF27F32448254C0090F9F3 /* TopMainCollectionViewCell.swift in Sources */ = {isa = PBXBuildFile; fileRef = 1FEF27F12448254C0090F9F3 /* TopMainCollectionViewCell.swift */; };
		1FEF27F42448254C0090F9F3 /* TopMainCollectionViewCell.xib in Resources */ = {isa = PBXBuildFile; fileRef = 1FEF27F22448254C0090F9F3 /* TopMainCollectionViewCell.xib */; };
		1FEF27F7244828CC0090F9F3 /* NextViewController.swift in Sources */ = {isa = PBXBuildFile; fileRef = 1FEF27F5244828CC0090F9F3 /* NextViewController.swift */; };
		1FEF27F8244828CC0090F9F3 /* NextViewController.xib in Resources */ = {isa = PBXBuildFile; fileRef = 1FEF27F6244828CC0090F9F3 /* NextViewController.xib */; };
		1FEF27FF24483A930090F9F3 /* ThirdViewController.swift in Sources */ = {isa = PBXBuildFile; fileRef = 1FEF27FD24483A930090F9F3 /* ThirdViewController.swift */; };
		1FEF280024483A930090F9F3 /* ThirdViewController.xib in Resources */ = {isa = PBXBuildFile; fileRef = 1FEF27FE24483A930090F9F3 /* ThirdViewController.xib */; };
		1FEF280324483BF00090F9F3 /* TopMainCollectionViewSecondCell.swift in Sources */ = {isa = PBXBuildFile; fileRef = 1FEF280124483BF00090F9F3 /* TopMainCollectionViewSecondCell.swift */; };
		1FEF280424483BF00090F9F3 /* TopMainCollectionViewSecondCell.xib in Resources */ = {isa = PBXBuildFile; fileRef = 1FEF280224483BF00090F9F3 /* TopMainCollectionViewSecondCell.xib */; };
		99B2E1FF02F03E20916E11F0 /* Pods_Collection3.framework in Frameworks */ = {isa = PBXBuildFile; fileRef = DE439570F5A84FE950AFF993 /* Pods_Collection3.framework */; };
/* End PBXBuildFile section */

/* Begin PBXFileReference section */
		1FEF27D0244817420090F9F3 /* Collection3.app */ = {isa = PBXFileReference; explicitFileType = wrapper.application; includeInIndex = 0; path = Collection3.app; sourceTree = BUILT_PRODUCTS_DIR; };
		1FEF27D3244817420090F9F3 /* AppDelegate.swift */ = {isa = PBXFileReference; lastKnownFileType = sourcecode.swift; path = AppDelegate.swift; sourceTree = "<group>"; };
		1FEF27D5244817420090F9F3 /* SceneDelegate.swift */ = {isa = PBXFileReference; lastKnownFileType = sourcecode.swift; path = SceneDelegate.swift; sourceTree = "<group>"; };
		1FEF27DA244817420090F9F3 /* Base */ = {isa = PBXFileReference; lastKnownFileType = file.storyboard; name = Base; path = Base.lproj/Main.storyboard; sourceTree = "<group>"; };
		1FEF27DC244817430090F9F3 /* Assets.xcassets */ = {isa = PBXFileReference; lastKnownFileType = folder.assetcatalog; path = Assets.xcassets; sourceTree = "<group>"; };
		1FEF27DF244817430090F9F3 /* Base */ = {isa = PBXFileReference; lastKnownFileType = file.storyboard; name = Base; path = Base.lproj/LaunchScreen.storyboard; sourceTree = "<group>"; };
		1FEF27E1244817430090F9F3 /* Info.plist */ = {isa = PBXFileReference; lastKnownFileType = text.plist.xml; path = Info.plist; sourceTree = "<group>"; };
		1FEF27E924481C380090F9F3 /* TopViewController.swift */ = {isa = PBXFileReference; lastKnownFileType = sourcecode.swift; path = TopViewController.swift; sourceTree = "<group>"; };
		1FEF27EA24481C380090F9F3 /* TopViewController.xib */ = {isa = PBXFileReference; lastKnownFileType = file.xib; path = TopViewController.xib; sourceTree = "<group>"; };
		1FEF27ED2448227F0090F9F3 /* TopMainView.swift */ = {isa = PBXFileReference; lastKnownFileType = sourcecode.swift; path = TopMainView.swift; sourceTree = "<group>"; };
		1FEF27EE2448227F0090F9F3 /* TopMainView.xib */ = {isa = PBXFileReference; lastKnownFileType = file.xib; path = TopMainView.xib; sourceTree = "<group>"; };
		1FEF27F12448254C0090F9F3 /* TopMainCollectionViewCell.swift */ = {isa = PBXFileReference; lastKnownFileType = sourcecode.swift; path = TopMainCollectionViewCell.swift; sourceTree = "<group>"; };
		1FEF27F22448254C0090F9F3 /* TopMainCollectionViewCell.xib */ = {isa = PBXFileReference; lastKnownFileType = file.xib; path = TopMainCollectionViewCell.xib; sourceTree = "<group>"; };
		1FEF27F5244828CC0090F9F3 /* NextViewController.swift */ = {isa = PBXFileReference; lastKnownFileType = sourcecode.swift; path = NextViewController.swift; sourceTree = "<group>"; };
		1FEF27F6244828CC0090F9F3 /* NextViewController.xib */ = {isa = PBXFileReference; lastKnownFileType = file.xib; path = NextViewController.xib; sourceTree = "<group>"; };
		1FEF27FD24483A930090F9F3 /* ThirdViewController.swift */ = {isa = PBXFileReference; lastKnownFileType = sourcecode.swift; path = ThirdViewController.swift; sourceTree = "<group>"; };
		1FEF27FE24483A930090F9F3 /* ThirdViewController.xib */ = {isa = PBXFileReference; lastKnownFileType = file.xib; path = ThirdViewController.xib; sourceTree = "<group>"; };
		1FEF280124483BF00090F9F3 /* TopMainCollectionViewSecondCell.swift */ = {isa = PBXFileReference; lastKnownFileType = sourcecode.swift; path = TopMainCollectionViewSecondCell.swift; sourceTree = "<group>"; };
		1FEF280224483BF00090F9F3 /* TopMainCollectionViewSecondCell.xib */ = {isa = PBXFileReference; lastKnownFileType = file.xib; path = TopMainCollectionViewSecondCell.xib; sourceTree = "<group>"; };
		A5944665C2A894545874D091 /* Pods-Collection3.release.xcconfig */ = {isa = PBXFileReference; includeInIndex = 1; lastKnownFileType = text.xcconfig; name = "Pods-Collection3.release.xcconfig"; path = "Target Support Files/Pods-Collection3/Pods-Collection3.release.xcconfig"; sourceTree = "<group>"; };
		DE439570F5A84FE950AFF993 /* Pods_Collection3.framework */ = {isa = PBXFileReference; explicitFileType = wrapper.framework; includeInIndex = 0; path = Pods_Collection3.framework; sourceTree = BUILT_PRODUCTS_DIR; };
		EC5D4BBC61BE7312D3F2ABC9 /* Pods-Collection3.debug.xcconfig */ = {isa = PBXFileReference; includeInIndex = 1; lastKnownFileType = text.xcconfig; name = "Pods-Collection3.debug.xcconfig"; path = "Target Support Files/Pods-Collection3/Pods-Collection3.debug.xcconfig"; sourceTree = "<group>"; };
/* End PBXFileReference section */

/* Begin PBXFrameworksBuildPhase section */
		1FEF27CD244817420090F9F3 /* Frameworks */ = {
			isa = PBXFrameworksBuildPhase;
			buildActionMask = 2147483647;
			files = (
				99B2E1FF02F03E20916E11F0 /* Pods_Collection3.framework in Frameworks */,
			);
			runOnlyForDeploymentPostprocessing = 0;
		};
/* End PBXFrameworksBuildPhase section */

/* Begin PBXGroup section */
		1FEF27C7244817420090F9F3 = {
			isa = PBXGroup;
			children = (
				1FEF27D2244817420090F9F3 /* Collection3 */,
				1FEF27D1244817420090F9F3 /* Products */,
				7E59F855293AA43B28365E4A /* Pods */,
				711BB49A73CB10AEC2740ADD /* Frameworks */,
			);
			sourceTree = "<group>";
		};
		1FEF27D1244817420090F9F3 /* Products */ = {
			isa = PBXGroup;
			children = (
				1FEF27D0244817420090F9F3 /* Collection3.app */,
			);
			name = Products;
			sourceTree = "<group>";
		};
		1FEF27D2244817420090F9F3 /* Collection3 */ = {
			isa = PBXGroup;
			children = (
				1FEF27FC24483A840090F9F3 /* Third */,
				1FEF27FA244828E20090F9F3 /* Next */,
				1FEF27E824481C280090F9F3 /* Top */,
				1FEF27D3244817420090F9F3 /* AppDelegate.swift */,
				1FEF27D5244817420090F9F3 /* SceneDelegate.swift */,
				1FEF27D9244817420090F9F3 /* Main.storyboard */,
				1FEF27DC244817430090F9F3 /* Assets.xcassets */,
				1FEF27DE244817430090F9F3 /* LaunchScreen.storyboard */,
				1FEF27E1244817430090F9F3 /* Info.plist */,
			);
			path = Collection3;
			sourceTree = "<group>";
		};
		1FEF27E824481C280090F9F3 /* Top */ = {
			isa = PBXGroup;
			children = (
				1FEF27E924481C380090F9F3 /* TopViewController.swift */,
				1FEF27EA24481C380090F9F3 /* TopViewController.xib */,
				1FEF27ED2448227F0090F9F3 /* TopMainView.swift */,
				1FEF27EE2448227F0090F9F3 /* TopMainView.xib */,
				1FEF27F12448254C0090F9F3 /* TopMainCollectionViewCell.swift */,
				1FEF27F22448254C0090F9F3 /* TopMainCollectionViewCell.xib */,
				1FEF280124483BF00090F9F3 /* TopMainCollectionViewSecondCell.swift */,
				1FEF280224483BF00090F9F3 /* TopMainCollectionViewSecondCell.xib */,
			);
			path = Top;
			sourceTree = "<group>";
		};
		1FEF27FA244828E20090F9F3 /* Next */ = {
			isa = PBXGroup;
			children = (
				1FEF27F5244828CC0090F9F3 /* NextViewController.swift */,
				1FEF27F6244828CC0090F9F3 /* NextViewController.xib */,
			);
			path = Next;
			sourceTree = "<group>";
		};
		1FEF27FC24483A840090F9F3 /* Third */ = {
			isa = PBXGroup;
			children = (
				1FEF27FD24483A930090F9F3 /* ThirdViewController.swift */,
				1FEF27FE24483A930090F9F3 /* ThirdViewController.xib */,
			);
			path = Third;
			sourceTree = "<group>";
		};
		711BB49A73CB10AEC2740ADD /* Frameworks */ = {
			isa = PBXGroup;
			children = (
				DE439570F5A84FE950AFF993 /* Pods_Collection3.framework */,
			);
			name = Frameworks;
			sourceTree = "<group>";
		};
		7E59F855293AA43B28365E4A /* Pods */ = {
			isa = PBXGroup;
			children = (
				EC5D4BBC61BE7312D3F2ABC9 /* Pods-Collection3.debug.xcconfig */,
				A5944665C2A894545874D091 /* Pods-Collection3.release.xcconfig */,
			);
			path = Pods;
			sourceTree = "<group>";
		};
/* End PBXGroup section */

/* Begin PBXNativeTarget section */
		1FEF27CF244817420090F9F3 /* Collection3 */ = {
			isa = PBXNativeTarget;
			buildConfigurationList = 1FEF27E4244817430090F9F3 /* Build configuration list for PBXNativeTarget "Collection3" */;
			buildPhases = (
				45EE7F862238935A341B63D4 /* [CP] Check Pods Manifest.lock */,
				1FEF27CC244817420090F9F3 /* Sources */,
				1FEF27CD244817420090F9F3 /* Frameworks */,
				1FEF27CE244817420090F9F3 /* Resources */,
				7567B0B5154B1460BCBC1968 /* [CP] Embed Pods Frameworks */,
			);
			buildRules = (
			);
			dependencies = (
			);
			name = Collection3;
			productName = Collection3;
			productReference = 1FEF27D0244817420090F9F3 /* Collection3.app */;
			productType = "com.apple.product-type.application";
		};
/* End PBXNativeTarget section */

/* Begin PBXProject section */
		1FEF27C8244817420090F9F3 /* Project object */ = {
			isa = PBXProject;
			attributes = {
				LastSwiftUpdateCheck = 1140;
				LastUpgradeCheck = 1140;
				ORGANIZATIONNAME = "ASW-研修２";
				TargetAttributes = {
					1FEF27CF244817420090F9F3 = {
						CreatedOnToolsVersion = 11.4;
					};
				};
			};
			buildConfigurationList = 1FEF27CB244817420090F9F3 /* Build configuration list for PBXProject "Collection3" */;
			compatibilityVersion = "Xcode 9.3";
			developmentRegion = en;
			hasScannedForEncodings = 0;
			knownRegions = (
				en,
				Base,
			);
			mainGroup = 1FEF27C7244817420090F9F3;
			productRefGroup = 1FEF27D1244817420090F9F3 /* Products */;
			projectDirPath = "";
			projectRoot = "";
			targets = (
				1FEF27CF244817420090F9F3 /* Collection3 */,
			);
		};
/* End PBXProject section */

/* Begin PBXResourcesBuildPhase section */
		1FEF27CE244817420090F9F3 /* Resources */ = {
			isa = PBXResourcesBuildPhase;
			buildActionMask = 2147483647;
			files = (
				1FEF27F02448227F0090F9F3 /* TopMainView.xib in Resources */,
				1FEF27EC24481C380090F9F3 /* TopViewController.xib in Resources */,
				1FEF280024483A930090F9F3 /* ThirdViewController.xib in Resources */,
				1FEF27E0244817430090F9F3 /* LaunchScreen.storyboard in Resources */,
				1FEF27F42448254C0090F9F3 /* TopMainCollectionViewCell.xib in Resources */,
				1FEF27F8244828CC0090F9F3 /* NextViewController.xib in Resources */,
				1FEF27DD244817430090F9F3 /* Assets.xcassets in Resources */,
				1FEF280424483BF00090F9F3 /* TopMainCollectionViewSecondCell.xib in Resources */,
				1FEF27DB244817420090F9F3 /* Main.storyboard in Resources */,
			);
			runOnlyForDeploymentPostprocessing = 0;
		};
/* End PBXResourcesBuildPhase section */

/* Begin PBXShellScriptBuildPhase section */
		45EE7F862238935A341B63D4 /* [CP] Check Pods Manifest.lock */ = {
			isa = PBXShellScriptBuildPhase;
			buildActionMask = 2147483647;
			files = (
			);
			inputFileListPaths = (
			);
			inputPaths = (
				"${PODS_PODFILE_DIR_PATH}/Podfile.lock",
				"${PODS_ROOT}/Manifest.lock",
			);
			name = "[CP] Check Pods Manifest.lock";
			outputFileListPaths = (
			);
			outputPaths = (
				"$(DERIVED_FILE_DIR)/Pods-Collection3-checkManifestLockResult.txt",
			);
			runOnlyForDeploymentPostprocessing = 0;
			shellPath = /bin/sh;
			shellScript = "diff \"${PODS_PODFILE_DIR_PATH}/Podfile.lock\" \"${PODS_ROOT}/Manifest.lock\" > /dev/null\nif [ $? != 0 ] ; then\n    # print error to STDERR\n    echo \"error: The sandbox is not in sync with the Podfile.lock. Run 'pod install' or update your CocoaPods installation.\" >&2\n    exit 1\nfi\n# This output is used by Xcode 'outputs' to avoid re-running this script phase.\necho \"SUCCESS\" > \"${SCRIPT_OUTPUT_FILE_0}\"\n";
			showEnvVarsInLog = 0;
		};
		7567B0B5154B1460BCBC1968 /* [CP] Embed Pods Frameworks */ = {
			isa = PBXShellScriptBuildPhase;
			buildActionMask = 2147483647;
			files = (
			);
			inputFileListPaths = (
				"${PODS_ROOT}/Target Support Files/Pods-Collection3/Pods-Collection3-frameworks-${CONFIGURATION}-input-files.xcfilelist",
			);
			name = "[CP] Embed Pods Frameworks";
			outputFileListPaths = (
				"${PODS_ROOT}/Target Support Files/Pods-Collection3/Pods-Collection3-frameworks-${CONFIGURATION}-output-files.xcfilelist",
			);
			runOnlyForDeploymentPostprocessing = 0;
			shellPath = /bin/sh;
			shellScript = "\"${PODS_ROOT}/Target Support Files/Pods-Collection3/Pods-Collection3-frameworks.sh\"\n";
			showEnvVarsInLog = 0;
		};
/* End PBXShellScriptBuildPhase section */

/* Begin PBXSourcesBuildPhase section */
		1FEF27CC244817420090F9F3 /* Sources */ = {
			isa = PBXSourcesBuildPhase;
			buildActionMask = 2147483647;
			files = (
				1FEF27F32448254C0090F9F3 /* TopMainCollectionViewCell.swift in Sources */,
				1FEF27F7244828CC0090F9F3 /* NextViewController.swift in Sources */,
				1FEF27EB24481C380090F9F3 /* TopViewController.swift in Sources */,
				1FEF280324483BF00090F9F3 /* TopMainCollectionViewSecondCell.swift in Sources */,
				1FEF27FF24483A930090F9F3 /* ThirdViewController.swift in Sources */,
				1FEF27D4244817420090F9F3 /* AppDelegate.swift in Sources */,
				1FEF27D6244817420090F9F3 /* SceneDelegate.swift in Sources */,
				1FEF27EF2448227F0090F9F3 /* TopMainView.swift in Sources */,
			);
			runOnlyForDeploymentPostprocessing = 0;
		};
/* End PBXSourcesBuildPhase section */

/* Begin PBXVariantGroup section */
		1FEF27D9244817420090F9F3 /* Main.storyboard */ = {
			isa = PBXVariantGroup;
			children = (
				1FEF27DA244817420090F9F3 /* Base */,
			);
			name = Main.storyboard;
			sourceTree = "<group>";
		};
		1FEF27DE244817430090F9F3 /* LaunchScreen.storyboard */ = {
			isa = PBXVariantGroup;
			children = (
				1FEF27DF244817430090F9F3 /* Base */,
			);
			name = LaunchScreen.storyboard;
			sourceTree = "<group>";
		};
/* End PBXVariantGroup section */

/* Begin XCBuildConfiguration section */
		1FEF27E2244817430090F9F3 /* Debug */ = {
			isa = XCBuildConfiguration;
			buildSettings = {
				ALWAYS_SEARCH_USER_PATHS = NO;
				CLANG_ANALYZER_NONNULL = YES;
				CLANG_ANALYZER_NUMBER_OBJECT_CONVERSION = YES_AGGRESSIVE;
				CLANG_CXX_LANGUAGE_STANDARD = "gnu++14";
				CLANG_CXX_LIBRARY = "libc++";
				CLANG_ENABLE_MODULES = YES;
				CLANG_ENABLE_OBJC_ARC = YES;
				CLANG_ENABLE_OBJC_WEAK = YES;
				CLANG_WARN_BLOCK_CAPTURE_AUTORELEASING = YES;
				CLANG_WARN_BOOL_CONVERSION = YES;
				CLANG_WARN_COMMA = YES;
				CLANG_WARN_CONSTANT_CONVERSION = YES;
				CLANG_WARN_DEPRECATED_OBJC_IMPLEMENTATIONS = YES;
				CLANG_WARN_DIRECT_OBJC_ISA_USAGE = YES_ERROR;
				CLANG_WARN_DOCUMENTATION_COMMENTS = YES;
				CLANG_WARN_EMPTY_BODY = YES;
				CLANG_WARN_ENUM_CONVERSION = YES;
				CLANG_WARN_INFINITE_RECURSION = YES;
				CLANG_WARN_INT_CONVERSION = YES;
				CLANG_WARN_NON_LITERAL_NULL_CONVERSION = YES;
				CLANG_WARN_OBJC_IMPLICIT_RETAIN_SELF = YES;
				CLANG_WARN_OBJC_LITERAL_CONVERSION = YES;
				CLANG_WARN_OBJC_ROOT_CLASS = YES_ERROR;
				CLANG_WARN_RANGE_LOOP_ANALYSIS = YES;
				CLANG_WARN_STRICT_PROTOTYPES = YES;
				CLANG_WARN_SUSPICIOUS_MOVE = YES;
				CLANG_WARN_UNGUARDED_AVAILABILITY = YES_AGGRESSIVE;
				CLANG_WARN_UNREACHABLE_CODE = YES;
				CLANG_WARN__DUPLICATE_METHOD_MATCH = YES;
				COPY_PHASE_STRIP = NO;
				DEBUG_INFORMATION_FORMAT = dwarf;
				ENABLE_STRICT_OBJC_MSGSEND = YES;
				ENABLE_TESTABILITY = YES;
				GCC_C_LANGUAGE_STANDARD = gnu11;
				GCC_DYNAMIC_NO_PIC = NO;
				GCC_NO_COMMON_BLOCKS = YES;
				GCC_OPTIMIZATION_LEVEL = 0;
				GCC_PREPROCESSOR_DEFINITIONS = (
					"DEBUG=1",
					"$(inherited)",
				);
				GCC_WARN_64_TO_32_BIT_CONVERSION = YES;
				GCC_WARN_ABOUT_RETURN_TYPE = YES_ERROR;
				GCC_WARN_UNDECLARED_SELECTOR = YES;
				GCC_WARN_UNINITIALIZED_AUTOS = YES_AGGRESSIVE;
				GCC_WARN_UNUSED_FUNCTION = YES;
				GCC_WARN_UNUSED_VARIABLE = YES;
				IPHONEOS_DEPLOYMENT_TARGET = 13.4;
				MTL_ENABLE_DEBUG_INFO = INCLUDE_SOURCE;
				MTL_FAST_MATH = YES;
				ONLY_ACTIVE_ARCH = YES;
				SDKROOT = iphoneos;
				SWIFT_ACTIVE_COMPILATION_CONDITIONS = DEBUG;
				SWIFT_OPTIMIZATION_LEVEL = "-Onone";
			};
			name = Debug;
		};
		1FEF27E3244817430090F9F3 /* Release */ = {
			isa = XCBuildConfiguration;
			buildSettings = {
				ALWAYS_SEARCH_USER_PATHS = NO;
				CLANG_ANALYZER_NONNULL = YES;
				CLANG_ANALYZER_NUMBER_OBJECT_CONVERSION = YES_AGGRESSIVE;
				CLANG_CXX_LANGUAGE_STANDARD = "gnu++14";
				CLANG_CXX_LIBRARY = "libc++";
				CLANG_ENABLE_MODULES = YES;
				CLANG_ENABLE_OBJC_ARC = YES;
				CLANG_ENABLE_OBJC_WEAK = YES;
				CLANG_WARN_BLOCK_CAPTURE_AUTORELEASING = YES;
				CLANG_WARN_BOOL_CONVERSION = YES;
				CLANG_WARN_COMMA = YES;
				CLANG_WARN_CONSTANT_CONVERSION = YES;
				CLANG_WARN_DEPRECATED_OBJC_IMPLEMENTATIONS = YES;
				CLANG_WARN_DIRECT_OBJC_ISA_USAGE = YES_ERROR;
				CLANG_WARN_DOCUMENTATION_COMMENTS = YES;
				CLANG_WARN_EMPTY_BODY = YES;
				CLANG_WARN_ENUM_CONVERSION = YES;
				CLANG_WARN_INFINITE_RECURSION = YES;
				CLANG_WARN_INT_CONVERSION = YES;
				CLANG_WARN_NON_LITERAL_NULL_CONVERSION = YES;
				CLANG_WARN_OBJC_IMPLICIT_RETAIN_SELF = YES;
				CLANG_WARN_OBJC_LITERAL_CONVERSION = YES;
				CLANG_WARN_OBJC_ROOT_CLASS = YES_ERROR;
				CLANG_WARN_RANGE_LOOP_ANALYSIS = YES;
				CLANG_WARN_STRICT_PROTOTYPES = YES;
				CLANG_WARN_SUSPICIOUS_MOVE = YES;
				CLANG_WARN_UNGUARDED_AVAILABILITY = YES_AGGRESSIVE;
				CLANG_WARN_UNREACHABLE_CODE = YES;
				CLANG_WARN__DUPLICATE_METHOD_MATCH = YES;
				COPY_PHASE_STRIP = NO;
				DEBUG_INFORMATION_FORMAT = "dwarf-with-dsym";
				ENABLE_NS_ASSERTIONS = NO;
				ENABLE_STRICT_OBJC_MSGSEND = YES;
				GCC_C_LANGUAGE_STANDARD = gnu11;
				GCC_NO_COMMON_BLOCKS = YES;
				GCC_WARN_64_TO_32_BIT_CONVERSION = YES;
				GCC_WARN_ABOUT_RETURN_TYPE = YES_ERROR;
				GCC_WARN_UNDECLARED_SELECTOR = YES;
				GCC_WARN_UNINITIALIZED_AUTOS = YES_AGGRESSIVE;
				GCC_WARN_UNUSED_FUNCTION = YES;
				GCC_WARN_UNUSED_VARIABLE = YES;
				IPHONEOS_DEPLOYMENT_TARGET = 13.4;
				MTL_ENABLE_DEBUG_INFO = NO;
				MTL_FAST_MATH = YES;
				SDKROOT = iphoneos;
				SWIFT_COMPILATION_MODE = wholemodule;
				SWIFT_OPTIMIZATION_LEVEL = "-O";
				VALIDATE_PRODUCT = YES;
			};
			name = Release;
		};
		1FEF27E5244817430090F9F3 /* Debug */ = {
			isa = XCBuildConfiguration;
			baseConfigurationReference = EC5D4BBC61BE7312D3F2ABC9 /* Pods-Collection3.debug.xcconfig */;
			buildSettings = {
				ASSETCATALOG_COMPILER_APPICON_NAME = AppIcon;
				CODE_SIGN_STYLE = Automatic;
				DEVELOPMENT_TEAM = G6R5GT3H5J;
				INFOPLIST_FILE = Collection3/Info.plist;
				LD_RUNPATH_SEARCH_PATHS = (
					"$(inherited)",
					"@executable_path/Frameworks",
				);
				PRODUCT_BUNDLE_IDENTIFIER = "ASW-inc.Collection3";
				PRODUCT_NAME = "$(TARGET_NAME)";
				SWIFT_VERSION = 5.0;
				TARGETED_DEVICE_FAMILY = "1,2";
			};
			name = Debug;
		};
		1FEF27E6244817430090F9F3 /* Release */ = {
			isa = XCBuildConfiguration;
			baseConfigurationReference = A5944665C2A894545874D091 /* Pods-Collection3.release.xcconfig */;
			buildSettings = {
				ASSETCATALOG_COMPILER_APPICON_NAME = AppIcon;
				CODE_SIGN_STYLE = Automatic;
				DEVELOPMENT_TEAM = G6R5GT3H5J;
				INFOPLIST_FILE = Collection3/Info.plist;
				LD_RUNPATH_SEARCH_PATHS = (
					"$(inherited)",
					"@executable_path/Frameworks",
				);
				PRODUCT_BUNDLE_IDENTIFIER = "ASW-inc.Collection3";
				PRODUCT_NAME = "$(TARGET_NAME)";
				SWIFT_VERSION = 5.0;
				TARGETED_DEVICE_FAMILY = "1,2";
			};
			name = Release;
		};
/* End XCBuildConfiguration section */

/* Begin XCConfigurationList section */
		1FEF27CB244817420090F9F3 /* Build configuration list for PBXProject "Collection3" */ = {
			isa = XCConfigurationList;
			buildConfigurations = (
				1FEF27E2244817430090F9F3 /* Debug */,
				1FEF27E3244817430090F9F3 /* Release */,
			);
			defaultConfigurationIsVisible = 0;
			defaultConfigurationName = Release;
		};
		1FEF27E4244817430090F9F3 /* Build configuration list for PBXNativeTarget "Collection3" */ = {
			isa = XCConfigurationList;
			buildConfigurations = (
				1FEF27E5244817430090F9F3 /* Debug */,
				1FEF27E6244817430090F9F3 /* Release */,
			);
			defaultConfigurationIsVisible = 0;
			defaultConfigurationName = Release;
		};
/* End XCConfigurationList section */
	};
	rootObject = 1FEF27C8244817420090F9F3 /* Project object */;
}
